
Microsoft Visual Studio Solution File, Format Version 12.00
# Visual Studio 15
VisualStudioVersion = 15.0.26228.4
MinimumVisualStudioVersion = 10.0.40219.1
Project("{54435603-DBB4-11D2-8724-00A0C9A8B90C}") = "YahCoLoRiZe Installer", "YahCoLoRiZe Installer.vdproj", "{9CF40BBD-E7E7-438D-9888-191CC3B43025}"
EndProject
Global
	GlobalSection(SolutionConfigurationPlatforms) = preSolution
		Debug|Default = Debug|Default
		Release|Default = Release|Default
	EndGlobalSection
	GlobalSection(ProjectConfigurationPlatforms) = postSolution
		{9CF40BBD-E7E7-438D-9888-191CC3B43025}.Debug|Default.ActiveCfg = Debug
		{9CF40BBD-E7E7-438D-9888-191CC3B43025}.Debug|Default.Build.0 = Debug
		{9CF40BBD-E7E7-438D-9888-191CC3B43025}.Release|Default.ActiveCfg = Release
		{9CF40BBD-E7E7-438D-9888-191CC3B43025}.Release|Default.Build.0 = Release
	EndGlobalSection
	GlobalSection(SolutionProperties) = preSolution
		HideSolutionNode = FALSE
	EndGlobalSection
EndGlobal
